<?xml version="1.0" encoding="utf-8"?>
<Project ToolsVersion="4.0" xmlns="http://schemas.microsoft.com/developer/msbuild/2003">
  <ItemGroup>
    <Filter Include="Source Files">
      <UniqueIdentifier>{4FC737F1-C7A5-4376-A066-2A32D752A2FF}</UniqueIdentifier>
      <Extensions>cpp;c;cc;cxx;def;odl;idl;hpj;bat;asm;asmx</Extensions>
    </Filter>
    <Filter Include="Header Files">
      <UniqueIdentifier>{93995380-89BD-4b04-88EB-625FBE52EBFB}</UniqueIdentifier>
      <Extensions>h;hh;hpp;hxx;hm;inl;inc;xsd</Extensions>
    </Filter>
    <Filter Include="Resource Files">
      <UniqueIdentifier>{67DA6AB6-F800-4c08-8B7A-83BB121AAD01}</UniqueIdentifier>
      <Extensions>rc;ico;cur;bmp;dlg;rc2;rct;bin;rgs;gif;jpg;jpeg;jpe;resx;tiff;tif;png;wav;mfcribbon-ms</Extensions>
    </Filter>
    <Filter Include="Header Files\Debug">
      <UniqueIdentifier>{f1a6b6a1-41fd-48ed-809a-ab201bba5e79}</UniqueIdentifier>
    </Filter>
    <Filter Include="Source Files\Dependencies">
      <UniqueIdentifier>{b9add13f-77dc-4c26-88af-0f8019d1e2e3}</UniqueIdentifier>
    </Filter>
    <Filter Include="Header Files\GL">
      <UniqueIdentifier>{1545c864-b7d3-440c-9b59-37ac93e9d407}</UniqueIdentifier>
    </Filter>
    <Filter Include="Source Files\GL">
      <UniqueIdentifier>{0b48b988-da34-47d7-a5a6-87db86e51cf8}</UniqueIdentifier>
    </Filter>
    <Filter Include="Header Files\Dependencies">
      <UniqueIdentifier>{f1b492a2-ad48-45e8-8048-aacce89bd6a6}</UniqueIdentifier>
    </Filter>
    <Filter Include="Header Files\Dependencies\imgui">
      <UniqueIdentifier>{2bdf427b-f25c-4bea-9fd8-9439b2864487}</UniqueIdentifier>
    </Filter>
    <Filter Include="Source Files\Dependencies\imgui">
      <UniqueIdentifier>{599fd57b-1de2-4e13-a1d6-ec3082a9b98f}</UniqueIdentifier>
    </Filter>
  </ItemGroup>
  <ItemGroup>
    <ClCompile Include="main.cpp">
      <Filter>Source Files</Filter>
    </ClCompile>
    <ClCompile Include="ApplicationBase.cpp">
      <Filter>Source Files</Filter>
    </ClCompile>
    <ClCompile Include="ApplicationDemo.cpp">
      <Filter>Source Files</Filter>
    </ClCompile>
    <ClCompile Include="..\deps\gl_core_4_4\gl_core_4_4.c">
      <Filter>Source Files\Dependencies</Filter>
    </ClCompile>
    <ClCompile Include="Gizmos.cpp">
      <Filter>Source Files\Dependencies</Filter>
    </ClCompile>
    <ClCompile Include="Mesh.cpp">
      <Filter>Source Files</Filter>
    </ClCompile>
    <ClCompile Include="RenderData.cpp">
      <Filter>Source Files\GL</Filter>
    </ClCompile>
    <ClCompile Include="tiny_obj_loader.cc">
      <Filter>Source Files\Dependencies</Filter>
    </ClCompile>
    <ClCompile Include="Shader.cpp">
      <Filter>Source Files\GL</Filter>
    </ClCompile>
    <ClCompile Include="Transform.cpp">
      <Filter>Source Files\GL</Filter>
    </ClCompile>
    <ClCompile Include="VertexArray.cpp">
      <Filter>Source Files</Filter>
    </ClCompile>
    <ClCompile Include="Loader.cpp">
      <Filter>Source Files\GL</Filter>
    </ClCompile>
    <ClCompile Include="GeometryHelper.cpp">
      <Filter>Source Files\GL</Filter>
    </ClCompile>
    <ClCompile Include="Texture.cpp">
      <Filter>Source Files\GL</Filter>
    </ClCompile>
    <ClCompile Include="Material.cpp">
      <Filter>Source Files\GL</Filter>
    </ClCompile>
    <ClCompile Include="RenderableObject.cpp">
      <Filter>Source Files\GL</Filter>
    </ClCompile>
    <ClCompile Include="Light.cpp">
      <Filter>Source Files</Filter>
    </ClCompile>
    <ClCompile Include="RenderTarget.cpp">
      <Filter>Source Files\GL</Filter>
    </ClCompile>
    <ClCompile Include="Camera.cpp">
      <Filter>Source Files\GL</Filter>
    </ClCompile>
    <ClCompile Include="ParticleSystem.cpp">
      <Filter>Source Files</Filter>
    </ClCompile>
    <ClCompile Include="BoundingSphere.cpp">
      <Filter>Source Files\GL</Filter>
    </ClCompile>
    <ClCompile Include="..\deps\imgui\imgui.cpp">
      <Filter>Source Files\Dependencies\imgui</Filter>
    </ClCompile>
    <ClCompile Include="..\deps\imgui\imgui_draw.cpp">
      <Filter>Source Files\Dependencies\imgui</Filter>
    </ClCompile>
    <ClCompile Include="imgui_glfw3.cpp">
      <Filter>Source Files\Dependencies</Filter>
    </ClCompile>
  </ItemGroup>
  <ItemGroup>
    <ClInclude Include="ApplicationBase.h">
      <Filter>Header Files</Filter>
    </ClInclude>
    <ClInclude Include="ApplicationDemo.h">
      <Filter>Header Files</Filter>
    </ClInclude>
    <ClInclude Include="DEBUG_WINDOWS_ERR_MSG.h">
      <Filter>Header Files\Debug</Filter>
    </ClInclude>
    <ClInclude Include="Mesh.h">
      <Filter>Header Files</Filter>
    </ClInclude>
    <ClInclude Include="RenderData.h">
      <Filter>Header Files\GL</Filter>
    </ClInclude>
    <ClInclude Include="DEBUG_NEW_LEAK_DETECT.h">
      <Filter>Header Files\Debug</Filter>
    </ClInclude>
    <ClInclude Include="tiny_obj_loader.h">
      <Filter>Header Files\Dependencies</Filter>
    </ClInclude>
    <ClInclude Include="Shader.h">
      <Filter>Header Files\GL</Filter>
    </ClInclude>
    <ClInclude Include="Transform.h">
      <Filter>Header Files\GL</Filter>
    </ClInclude>
    <ClInclude Include="VertexArray.h">
      <Filter>Header Files</Filter>
    </ClInclude>
    <ClInclude Include="Loader.h">
      <Filter>Header Files\GL</Filter>
    </ClInclude>
    <ClInclude Include="GeometryHelper.h">
      <Filter>Header Files\GL</Filter>
    </ClInclude>
    <ClInclude Include="Texture.h">
      <Filter>Header Files\GL</Filter>
    </ClInclude>
    <ClInclude Include="Material.h">
      <Filter>Header Files\GL</Filter>
    </ClInclude>
    <ClInclude Include="RenderableObject.h">
      <Filter>Header Files\GL</Filter>
    </ClInclude>
    <ClInclude Include="Light.h">
      <Filter>Header Files</Filter>
    </ClInclude>
    <ClInclude Include="RenderTarget.h">
      <Filter>Header Files\GL</Filter>
    </ClInclude>
    <ClInclude Include="Camera.h">
      <Filter>Header Files\GL</Filter>
    </ClInclude>
    <ClInclude Include="Gizmos.h">
      <Filter>Header Files\GL</Filter>
    </ClInclude>
    <ClInclude Include="ParticleSystem.h">
      <Filter>Header Files</Filter>
    </ClInclude>
    <ClInclude Include="BoundingSphere.h">
      <Filter>Header Files\GL</Filter>
    </ClInclude>
    <ClInclude Include="..\deps\imgui\imgui_internal.h">
      <Filter>Header Files\Dependencies\imgui</Filter>
    </ClInclude>
    <ClInclude Include="..\deps\imgui\imconfig.h">
      <Filter>Header Files\Dependencies\imgui</Filter>
    </ClInclude>
    <ClInclude Include="..\deps\imgui\imgui.h">
      <Filter>Header Files\Dependencies\imgui</Filter>
    </ClInclude>
    <ClInclude Include="imgui_glfw3.h">
      <Filter>Header Files\Dependencies</Filter>
    </ClInclude>
  </ItemGroup>
</Project>